
Microsoft Visual Studio Solution File, Format Version 12.00
# Visual Studio Version 17
VisualStudioVersion = 17.3.32929.385
MinimumVisualStudioVersion = 10.0.40219.1
Project("{FAE04EC0-301F-11D3-BF4B-00C04F79EFBC}") = "Cafe_manager", "Cafe_manager.csproj", "{09957B2A-8D59-436C-AE91-E5AE442BECE1}"
EndProject
Global
	GlobalSection(SolutionConfigurationPlatforms) = preSolution
		Debug|Any CPU = Debug|Any CPU
		Release|Any CPU = Release|Any CPU
	EndGlobalSection
	GlobalSection(ProjectConfigurationPlatforms) = postSolution
		{09957B2A-8D59-436C-AE91-E5AE442BECE1}.Debug|Any CPU.ActiveCfg = Debug|Any CPU
		{09957B2A-8D59-436C-AE91-E5AE442BECE1}.Debug|Any CPU.Build.0 = Debug|Any CPU
		{09957B2A-8D59-436C-AE91-E5AE442BECE1}.Release|Any CPU.ActiveCfg = Release|Any CPU
		{09957B2A-8D59-436C-AE91-E5AE442BECE1}.Release|Any CPU.Build.0 = Release|Any CPU
	EndGlobalSection
	GlobalSection(SolutionProperties) = preSolution
		HideSolutionNode = FALSE
	EndGlobalSection
	GlobalSection(ExtensibilityGlobals) = postSolution
		SolutionGuid = {A64FEA6F-CCC7-4CB8-B38A-BDC0CD99C5CF}
	EndGlobalSection
EndGlobal
